
Microsoft Visual Studio Solution File, Format Version 12.00
# Visual Studio Version 17
VisualStudioVersion = 17.9.34607.119
MinimumVisualStudioVersion = 10.0.40219.1
Project("{FAE04EC0-301F-11D3-BF4B-00C04F79EFBC}") = "DormitoryManager", "DormitoryManager.csproj", "{3633E745-71C7-48B0-98D6-4718432D4156}"
EndProject
Global
	GlobalSection(SolutionConfigurationPlatforms) = preSolution
		Debug|Any CPU = Debug|Any CPU
		Release|Any CPU = Release|Any CPU
	EndGlobalSection
	GlobalSection(ProjectConfigurationPlatforms) = postSolution
		{3633E745-71C7-48B0-98D6-4718432D4156}.Debug|Any CPU.ActiveCfg = Debug|Any CPU
		{3633E745-71C7-48B0-98D6-4718432D4156}.Debug|Any CPU.Build.0 = Debug|Any CPU
		{3633E745-71C7-48B0-98D6-4718432D4156}.Release|Any CPU.ActiveCfg = Release|Any CPU
		{3633E745-71C7-48B0-98D6-4718432D4156}.Release|Any CPU.Build.0 = Release|Any CPU
	EndGlobalSection
	GlobalSection(SolutionProperties) = preSolution
		HideSolutionNode = FALSE
	EndGlobalSection
	GlobalSection(ExtensibilityGlobals) = postSolution
		SolutionGuid = {D4477087-66CF-4FC5-A233-57E04C36D98E}
	EndGlobalSection
EndGlobal
